# This file is generated by running "yarn install" inside your project.
# Manual changes might be lost - proceed with caution!

__metadata:
  version: 8
  cacheKey: 10c0

"corepack@npm:^0.34.0":
  version: 0.34.0
  resolution: "corepack@npm:0.34.0"
  bin:
    corepack: ./dist/corepack.js
    pnpm: ./dist/pnpm.js
    pnpx: ./dist/pnpx.js
    yarn: ./dist/yarn.js
    yarnpkg: ./dist/yarnpkg.js
  checksum: 10c0/a432dcd619aa532652177f727662c1f3117dba24613213c1c49292d1ea695832de476c43f05c262227f64f0a8cf3a02bbd6a05fa7222012b36a2fd83abc2c26a
  languageName: node
  linkType: hard

"root-workspace-0b6124@workspace:.":
  version: 0.0.0-use.local
  resolution: "root-workspace-0b6124@workspace:."
  dependencies:
    corepack: "npm:^0.34.0"
  languageName: unknown
  linkType: soft
